
Microsoft Visual Studio Solution File, Format Version 12.00
# Visual Studio Version 17
VisualStudioVersion = 17.13.35825.156 d17.13
MinimumVisualStudioVersion = 10.0.40219.1
Project("{FAE04EC0-301F-11D3-BF4B-00C04F79EFBC}") = "Project02_1", "Project02_1.csproj", "{91BCF61E-1087-4D51-8AD6-EA244814FDC5}"
EndProject
Global
	GlobalSection(SolutionConfigurationPlatforms) = preSolution
		Debug|Any CPU = Debug|Any CPU
		Release|Any CPU = Release|Any CPU
	EndGlobalSection
	GlobalSection(ProjectConfigurationPlatforms) = postSolution
		{91BCF61E-1087-4D51-8AD6-EA244814FDC5}.Debug|Any CPU.ActiveCfg = Debug|Any CPU
		{91BCF61E-1087-4D51-8AD6-EA244814FDC5}.Debug|Any CPU.Build.0 = Debug|Any CPU
		{91BCF61E-1087-4D51-8AD6-EA244814FDC5}.Release|Any CPU.ActiveCfg = Release|Any CPU
		{91BCF61E-1087-4D51-8AD6-EA244814FDC5}.Release|Any CPU.Build.0 = Release|Any CPU
	EndGlobalSection
	GlobalSection(SolutionProperties) = preSolution
		HideSolutionNode = FALSE
	EndGlobalSection
	GlobalSection(ExtensibilityGlobals) = postSolution
		SolutionGuid = {4754CF21-7CE1-4417-994F-31F0C0C51FDA}
	EndGlobalSection
EndGlobal
